
Microsoft Visual Studio Solution File, Format Version 12.00
# Visual Studio 15
VisualStudioVersion = 15.0.28010.2036
MinimumVisualStudioVersion = 10.0.40219.1
Project("{FAE04EC0-301F-11D3-BF4B-00C04F79EFBC}") = "repos", "repos\repos.csproj", "{4159EA7E-25AE-493B-98F1-FAF68B60255E}"
EndProject
Global
	GlobalSection(SolutionConfigurationPlatforms) = preSolution
		Debug|Any CPU = Debug|Any CPU
		Release|Any CPU = Release|Any CPU
	EndGlobalSection
	GlobalSection(ProjectConfigurationPlatforms) = postSolution
		{4159EA7E-25AE-493B-98F1-FAF68B60255E}.Debug|Any CPU.ActiveCfg = Debug|Any CPU
		{4159EA7E-25AE-493B-98F1-FAF68B60255E}.Debug|Any CPU.Build.0 = Debug|Any CPU
		{4159EA7E-25AE-493B-98F1-FAF68B60255E}.Release|Any CPU.ActiveCfg = Release|Any CPU
		{4159EA7E-25AE-493B-98F1-FAF68B60255E}.Release|Any CPU.Build.0 = Release|Any CPU
	EndGlobalSection
	GlobalSection(SolutionProperties) = preSolution
		HideSolutionNode = FALSE
	EndGlobalSection
	GlobalSection(ExtensibilityGlobals) = postSolution
		SolutionGuid = {EEA6C7B2-1833-4E85-9539-8727E9436707}
	EndGlobalSection
EndGlobal
